
Microsoft Visual Studio Solution File, Format Version 12.00
# Visual Studio Version 16
VisualStudioVersion = 16.0.29324.140
MinimumVisualStudioVersion = 10.0.40219.1
Project("{FAE04EC0-301F-11D3-BF4B-00C04F79EFBC}") = "GameHighlightClipper", "GameHighlightClipper\GameHighlightClipper.csproj", "{577F04CB-BF9A-47C3-8AD0-DE3DDE96408D}"
EndProject
Global
	GlobalSection(SolutionConfigurationPlatforms) = preSolution
		Debug|Any CPU = Debug|Any CPU
		Release|Any CPU = Release|Any CPU
	EndGlobalSection
	GlobalSection(ProjectConfigurationPlatforms) = postSolution
		{577F04CB-BF9A-47C3-8AD0-DE3DDE96408D}.Debug|Any CPU.ActiveCfg = Debug|Any CPU
		{577F04CB-BF9A-47C3-8AD0-DE3DDE96408D}.Debug|Any CPU.Build.0 = Debug|Any CPU
		{577F04CB-BF9A-47C3-8AD0-DE3DDE96408D}.Release|Any CPU.ActiveCfg = Release|Any CPU
		{577F04CB-BF9A-47C3-8AD0-DE3DDE96408D}.Release|Any CPU.Build.0 = Release|Any CPU
	EndGlobalSection
	GlobalSection(SolutionProperties) = preSolution
		HideSolutionNode = FALSE
	EndGlobalSection
	GlobalSection(ExtensibilityGlobals) = postSolution
		SolutionGuid = {C635EDB8-06B4-4C46-952D-8885FD93185F}
	EndGlobalSection
EndGlobal
